
Microsoft Visual Studio Solution File, Format Version 12.00
# Visual Studio 15
VisualStudioVersion = 15.0.28307.539
MinimumVisualStudioVersion = 10.0.40219.1
Project("{9A19103F-16F7-4668-BE54-9A1E7A4F7556}") = "01 ReverseString", "01 ReverseString\01 ReverseString.csproj", "{E8707DD9-85E4-42A7-A8E4-84FC9716E529}"
EndProject
Project("{9A19103F-16F7-4668-BE54-9A1E7A4F7556}") = "02 StackSum", "02 StackSum\02 StackSum.csproj", "{89E7E314-2BB0-455B-8FAD-44B3B171D789}"
EndProject
Project("{9A19103F-16F7-4668-BE54-9A1E7A4F7556}") = "03 SimpleCalculator", "03 SimpleCalculator\03 SimpleCalculator.csproj", "{B63EF746-D1DC-460B-928F-F3F443615F2E}"
EndProject
Project("{9A19103F-16F7-4668-BE54-9A1E7A4F7556}") = "04 MatchingBrackets", "04 MatchingBrackets\04 MatchingBrackets.csproj", "{807D35A5-C013-4642-B101-DB16E33B3617}"
EndProject
Project("{FAE04EC0-301F-11D3-BF4B-00C04F79EFBC}") = "05 PrintEvenNumbers", "05 PrintEvenNumbers\05 PrintEvenNumbers.csproj", "{52276AEF-0B4F-42A8-B42C-67B388EC672E}"
EndProject
Project("{FAE04EC0-301F-11D3-BF4B-00C04F79EFBC}") = "06 Supermarket", "06 Supermarket\06 Supermarket.csproj", "{6E19233E-5E42-4532-AA31-FDF45F9E4D08}"
EndProject
Project("{FAE04EC0-301F-11D3-BF4B-00C04F79EFBC}") = "07 HotPotato", "07 HotPotato\07 HotPotato.csproj", "{D3F05ED8-D40F-42AC-8B26-DF348A7417E4}"
EndProject
Project("{FAE04EC0-301F-11D3-BF4B-00C04F79EFBC}") = "08 TrafficJam", "08 TrafficJam\08 TrafficJam.csproj", "{5F47CEC2-70B3-4D04-9D0F-B1533627E02C}"
EndProject
Global
	GlobalSection(SolutionConfigurationPlatforms) = preSolution
		Debug|Any CPU = Debug|Any CPU
		Release|Any CPU = Release|Any CPU
	EndGlobalSection
	GlobalSection(ProjectConfigurationPlatforms) = postSolution
		{E8707DD9-85E4-42A7-A8E4-84FC9716E529}.Debug|Any CPU.ActiveCfg = Debug|Any CPU
		{E8707DD9-85E4-42A7-A8E4-84FC9716E529}.Debug|Any CPU.Build.0 = Debug|Any CPU
		{E8707DD9-85E4-42A7-A8E4-84FC9716E529}.Release|Any CPU.ActiveCfg = Release|Any CPU
		{E8707DD9-85E4-42A7-A8E4-84FC9716E529}.Release|Any CPU.Build.0 = Release|Any CPU
		{89E7E314-2BB0-455B-8FAD-44B3B171D789}.Debug|Any CPU.ActiveCfg = Debug|Any CPU
		{89E7E314-2BB0-455B-8FAD-44B3B171D789}.Debug|Any CPU.Build.0 = Debug|Any CPU
		{89E7E314-2BB0-455B-8FAD-44B3B171D789}.Release|Any CPU.ActiveCfg = Release|Any CPU
		{89E7E314-2BB0-455B-8FAD-44B3B171D789}.Release|Any CPU.Build.0 = Release|Any CPU
		{B63EF746-D1DC-460B-928F-F3F443615F2E}.Debug|Any CPU.ActiveCfg = Debug|Any CPU
		{B63EF746-D1DC-460B-928F-F3F443615F2E}.Debug|Any CPU.Build.0 = Debug|Any CPU
		{B63EF746-D1DC-460B-928F-F3F443615F2E}.Release|Any CPU.ActiveCfg = Release|Any CPU
		{B63EF746-D1DC-460B-928F-F3F443615F2E}.Release|Any CPU.Build.0 = Release|Any CPU
		{807D35A5-C013-4642-B101-DB16E33B3617}.Debug|Any CPU.ActiveCfg = Debug|Any CPU
		{807D35A5-C013-4642-B101-DB16E33B3617}.Debug|Any CPU.Build.0 = Debug|Any CPU
		{807D35A5-C013-4642-B101-DB16E33B3617}.Release|Any CPU.ActiveCfg = Release|Any CPU
		{807D35A5-C013-4642-B101-DB16E33B3617}.Release|Any CPU.Build.0 = Release|Any CPU
		{52276AEF-0B4F-42A8-B42C-67B388EC672E}.Debug|Any CPU.ActiveCfg = Debug|Any CPU
		{52276AEF-0B4F-42A8-B42C-67B388EC672E}.Debug|Any CPU.Build.0 = Debug|Any CPU
		{52276AEF-0B4F-42A8-B42C-67B388EC672E}.Release|Any CPU.ActiveCfg = Release|Any CPU
		{52276AEF-0B4F-42A8-B42C-67B388EC672E}.Release|Any CPU.Build.0 = Release|Any CPU
		{6E19233E-5E42-4532-AA31-FDF45F9E4D08}.Debug|Any CPU.ActiveCfg = Debug|Any CPU
		{6E19233E-5E42-4532-AA31-FDF45F9E4D08}.Debug|Any CPU.Build.0 = Debug|Any CPU
		{6E19233E-5E42-4532-AA31-FDF45F9E4D08}.Release|Any CPU.ActiveCfg = Release|Any CPU
		{6E19233E-5E42-4532-AA31-FDF45F9E4D08}.Release|Any CPU.Build.0 = Release|Any CPU
		{D3F05ED8-D40F-42AC-8B26-DF348A7417E4}.Debug|Any CPU.ActiveCfg = Debug|Any CPU
		{D3F05ED8-D40F-42AC-8B26-DF348A7417E4}.Debug|Any CPU.Build.0 = Debug|Any CPU
		{D3F05ED8-D40F-42AC-8B26-DF348A7417E4}.Release|Any CPU.ActiveCfg = Release|Any CPU
		{D3F05ED8-D40F-42AC-8B26-DF348A7417E4}.Release|Any CPU.Build.0 = Release|Any CPU
		{5F47CEC2-70B3-4D04-9D0F-B1533627E02C}.Debug|Any CPU.ActiveCfg = Debug|Any CPU
		{5F47CEC2-70B3-4D04-9D0F-B1533627E02C}.Debug|Any CPU.Build.0 = Debug|Any CPU
		{5F47CEC2-70B3-4D04-9D0F-B1533627E02C}.Release|Any CPU.ActiveCfg = Release|Any CPU
		{5F47CEC2-70B3-4D04-9D0F-B1533627E02C}.Release|Any CPU.Build.0 = Release|Any CPU
	EndGlobalSection
	GlobalSection(SolutionProperties) = preSolution
		HideSolutionNode = FALSE
	EndGlobalSection
	GlobalSection(ExtensibilityGlobals) = postSolution
		SolutionGuid = {6B5318E2-0A68-46E8-90DD-77B470B7737A}
	EndGlobalSection
EndGlobal
