
Microsoft Visual Studio Solution File, Format Version 12.00
# Visual Studio 15
VisualStudioVersion = 15.0.28010.2016
MinimumVisualStudioVersion = 10.0.40219.1
Project("{FAE04EC0-301F-11D3-BF4B-00C04F79EFBC}") = "01m2km", "01m2km\01m2km.csproj", "{7FC59250-CF7C-4A8B-B5E8-02DE24B3648F}"
EndProject
Global
	GlobalSection(SolutionConfigurationPlatforms) = preSolution
		Debug|Any CPU = Debug|Any CPU
		Release|Any CPU = Release|Any CPU
	EndGlobalSection
	GlobalSection(ProjectConfigurationPlatforms) = postSolution
		{7FC59250-CF7C-4A8B-B5E8-02DE24B3648F}.Debug|Any CPU.ActiveCfg = Debug|Any CPU
		{7FC59250-CF7C-4A8B-B5E8-02DE24B3648F}.Debug|Any CPU.Build.0 = Debug|Any CPU
		{7FC59250-CF7C-4A8B-B5E8-02DE24B3648F}.Release|Any CPU.ActiveCfg = Release|Any CPU
		{7FC59250-CF7C-4A8B-B5E8-02DE24B3648F}.Release|Any CPU.Build.0 = Release|Any CPU
	EndGlobalSection
	GlobalSection(SolutionProperties) = preSolution
		HideSolutionNode = FALSE
	EndGlobalSection
	GlobalSection(ExtensibilityGlobals) = postSolution
		SolutionGuid = {92B68194-55C6-4A71-B9A3-DC30984FE539}
	EndGlobalSection
EndGlobal
